
Microsoft Visual Studio Solution File, Format Version 12.00
# Visual Studio Version 16
VisualStudioVersion = 16.0.30114.105
MinimumVisualStudioVersion = 10.0.40219.1
Project("{FAE04EC0-301F-11D3-BF4B-00C04F79EFBC}") = "API", "API\API.csproj", "{2EB1CB82-3372-490D-B34F-FCFDBE4B3AA4}"
EndProject
Project("{FAE04EC0-301F-11D3-BF4B-00C04F79EFBC}") = "Core", "Core\Core.csproj", "{58B3078C-B8AB-498D-B976-DA1472FC9FD7}"
EndProject
Project("{FAE04EC0-301F-11D3-BF4B-00C04F79EFBC}") = "Infrastructure", "Infrastructure\Infrastructure.csproj", "{ABCF27F3-A8B7-4CFA-9CDD-6B1839DF7151}"
EndProject
Global
	GlobalSection(SolutionConfigurationPlatforms) = preSolution
		Debug|Any CPU = Debug|Any CPU
		Debug|x64 = Debug|x64
		Debug|x86 = Debug|x86
		Release|Any CPU = Release|Any CPU
		Release|x64 = Release|x64
		Release|x86 = Release|x86
	EndGlobalSection
	GlobalSection(SolutionProperties) = preSolution
		HideSolutionNode = FALSE
	EndGlobalSection
	GlobalSection(ProjectConfigurationPlatforms) = postSolution
		{2EB1CB82-3372-490D-B34F-FCFDBE4B3AA4}.Debug|Any CPU.ActiveCfg = Debug|Any CPU
		{2EB1CB82-3372-490D-B34F-FCFDBE4B3AA4}.Debug|Any CPU.Build.0 = Debug|Any CPU
		{2EB1CB82-3372-490D-B34F-FCFDBE4B3AA4}.Debug|x64.ActiveCfg = Debug|Any CPU
		{2EB1CB82-3372-490D-B34F-FCFDBE4B3AA4}.Debug|x64.Build.0 = Debug|Any CPU
		{2EB1CB82-3372-490D-B34F-FCFDBE4B3AA4}.Debug|x86.ActiveCfg = Debug|Any CPU
		{2EB1CB82-3372-490D-B34F-FCFDBE4B3AA4}.Debug|x86.Build.0 = Debug|Any CPU
		{2EB1CB82-3372-490D-B34F-FCFDBE4B3AA4}.Release|Any CPU.ActiveCfg = Release|Any CPU
		{2EB1CB82-3372-490D-B34F-FCFDBE4B3AA4}.Release|Any CPU.Build.0 = Release|Any CPU
		{2EB1CB82-3372-490D-B34F-FCFDBE4B3AA4}.Release|x64.ActiveCfg = Release|Any CPU
		{2EB1CB82-3372-490D-B34F-FCFDBE4B3AA4}.Release|x64.Build.0 = Release|Any CPU
		{2EB1CB82-3372-490D-B34F-FCFDBE4B3AA4}.Release|x86.ActiveCfg = Release|Any CPU
		{2EB1CB82-3372-490D-B34F-FCFDBE4B3AA4}.Release|x86.Build.0 = Release|Any CPU
		{58B3078C-B8AB-498D-B976-DA1472FC9FD7}.Debug|Any CPU.ActiveCfg = Debug|Any CPU
		{58B3078C-B8AB-498D-B976-DA1472FC9FD7}.Debug|Any CPU.Build.0 = Debug|Any CPU
		{58B3078C-B8AB-498D-B976-DA1472FC9FD7}.Debug|x64.ActiveCfg = Debug|Any CPU
		{58B3078C-B8AB-498D-B976-DA1472FC9FD7}.Debug|x64.Build.0 = Debug|Any CPU
		{58B3078C-B8AB-498D-B976-DA1472FC9FD7}.Debug|x86.ActiveCfg = Debug|Any CPU
		{58B3078C-B8AB-498D-B976-DA1472FC9FD7}.Debug|x86.Build.0 = Debug|Any CPU
		{58B3078C-B8AB-498D-B976-DA1472FC9FD7}.Release|Any CPU.ActiveCfg = Release|Any CPU
		{58B3078C-B8AB-498D-B976-DA1472FC9FD7}.Release|Any CPU.Build.0 = Release|Any CPU
		{58B3078C-B8AB-498D-B976-DA1472FC9FD7}.Release|x64.ActiveCfg = Release|Any CPU
		{58B3078C-B8AB-498D-B976-DA1472FC9FD7}.Release|x64.Build.0 = Release|Any CPU
		{58B3078C-B8AB-498D-B976-DA1472FC9FD7}.Release|x86.ActiveCfg = Release|Any CPU
		{58B3078C-B8AB-498D-B976-DA1472FC9FD7}.Release|x86.Build.0 = Release|Any CPU
		{ABCF27F3-A8B7-4CFA-9CDD-6B1839DF7151}.Debug|Any CPU.ActiveCfg = Debug|Any CPU
		{ABCF27F3-A8B7-4CFA-9CDD-6B1839DF7151}.Debug|Any CPU.Build.0 = Debug|Any CPU
		{ABCF27F3-A8B7-4CFA-9CDD-6B1839DF7151}.Debug|x64.ActiveCfg = Debug|Any CPU
		{ABCF27F3-A8B7-4CFA-9CDD-6B1839DF7151}.Debug|x64.Build.0 = Debug|Any CPU
		{ABCF27F3-A8B7-4CFA-9CDD-6B1839DF7151}.Debug|x86.ActiveCfg = Debug|Any CPU
		{ABCF27F3-A8B7-4CFA-9CDD-6B1839DF7151}.Debug|x86.Build.0 = Debug|Any CPU
		{ABCF27F3-A8B7-4CFA-9CDD-6B1839DF7151}.Release|Any CPU.ActiveCfg = Release|Any CPU
		{ABCF27F3-A8B7-4CFA-9CDD-6B1839DF7151}.Release|Any CPU.Build.0 = Release|Any CPU
		{ABCF27F3-A8B7-4CFA-9CDD-6B1839DF7151}.Release|x64.ActiveCfg = Release|Any CPU
		{ABCF27F3-A8B7-4CFA-9CDD-6B1839DF7151}.Release|x64.Build.0 = Release|Any CPU
		{ABCF27F3-A8B7-4CFA-9CDD-6B1839DF7151}.Release|x86.ActiveCfg = Release|Any CPU
		{ABCF27F3-A8B7-4CFA-9CDD-6B1839DF7151}.Release|x86.Build.0 = Release|Any CPU
	EndGlobalSection
EndGlobal
